{
  "name": "package-installed-published-dependency-with-sub-dependencies",
  "lockfileVersion": 2,
  "requires": true,
  "packages": {
    "": {
      "dependencies": {
        "test-director": "^6.0.0"
      }
    },
    "node_modules/escape-string-regexp": {
      "version": "2.0.0",
      "resolved": "https://registry.npmjs.org/escape-string-regexp/-/escape-string-regexp-2.0.0.tgz"
    },
    "node_modules/kleur": {
      "version": "4.1.4",
      "resolved": "https://registry.npmjs.org/kleur/-/kleur-4.1.4.tgz"
    },
    "node_modules/stack-utils": {
      "version": "2.0.3",
      "resolved": "https://registry.npmjs.org/stack-utils/-/stack-utils-2.0.3.tgz",
      "dependencies": {
        "escape-string-regexp": "^2.0.0"
      }
    },
    "node_modules/test-director": {
      "version": "6.0.0",
      "resolved": "https://registry.npmjs.org/test-director/-/test-director-6.0.0.tgz",
      "dependencies": {
        "kleur": "^4.1.4",
        "stack-utils": "^2.0.3"
      }
    }
  },
  "dependencies": {
    "escape-string-regexp": {
      "version": "2.0.0",
      "resolved": "https://registry.npmjs.org/escape-string-regexp/-/escape-string-regexp-2.0.0.tgz"
    },
    "kleur": {
      "version": "4.1.4",
      "resolved": "https://registry.npmjs.org/kleur/-/kleur-4.1.4.tgz"
    },
    "stack-utils": {
      "version": "2.0.3",
      "resolved": "https://registry.npmjs.org/stack-utils/-/stack-utils-2.0.3.tgz",
      "requires": {
        "escape-string-regexp": "^2.0.0"
      }
    },
    "test-director": {
      "version": "6.0.0",
      "resolved": "https://registry.npmjs.org/test-director/-/test-director-6.0.0.tgz",
      "requires": {
        "kleur": "^4.1.4",
        "stack-utils": "^2.0.3"
      }
    }
  }
}
