{
  "name": "package-installed-file-dependency",
  "lockfileVersion": 2,
  "requires": true,
  "packages": {
    "": {
      "dependencies": {
        "package-not-installed-no-dependencies": "file:../package-not-installed-no-dependencies"
      }
    },
    "../package-not-installed-no-dependencies": {},
    "node_modules/package-not-installed-no-dependencies": {
      "resolved": "../package-not-installed-no-dependencies",
      "link": true
    }
  },
  "dependencies": {
    "package-not-installed-no-dependencies": {
      "version": "file:../package-not-installed-no-dependencies"
    }
  }
}
