{
  "name": "package-installed-git-dependency",
  "lockfileVersion": 2,
  "requires": true,
  "packages": {
    "": {
      "dependencies": {
        "fake-tag": "jaydenseric/fake-tag#v2.0.0"
      }
    },
    "node_modules/fake-tag": {
      "version": "2.0.0",
      "resolved": "git+ssh://git@github.com/jaydenseric/fake-tag.git#6ccff1d2d3ea8f9ce2191de122077ab6bc699aff"
    }
  },
  "dependencies": {
    "fake-tag": {
      "version": "git+ssh://git@github.com/jaydenseric/fake-tag.git#6ccff1d2d3ea8f9ce2191de122077ab6bc699aff",
      "from": "fake-tag@jaydenseric/fake-tag#v2.0.0"
    }
  }
}
