{
  "name": "package-installed-published-dependency",
  "lockfileVersion": 2,
  "requires": true,
  "packages": {
    "": {
      "dependencies": {
        "fake-tag": "^2.0.0"
      }
    },
    "node_modules/fake-tag": {
      "version": "2.0.0",
      "resolved": "https://registry.npmjs.org/fake-tag/-/fake-tag-2.0.0.tgz"
    }
  },
  "dependencies": {
    "fake-tag": {
      "version": "2.0.0",
      "resolved": "https://registry.npmjs.org/fake-tag/-/fake-tag-2.0.0.tgz"
    }
  }
}
